
Microsoft Visual Studio Solution File, Format Version 12.00
# Visual Studio Version 16
VisualStudioVersion = 16.0.30717.126
MinimumVisualStudioVersion = 10.0.40219.1
Project("{FAE04EC0-301F-11D3-BF4B-00C04F79EFBC}") = "Bank", "Bank\Bank.csproj", "{C172BF69-5FCA-4618-BD23-C9E0F467FC28}"
EndProject
Project("{FAE04EC0-301F-11D3-BF4B-00C04F79EFBC}") = "BankTests", "BankTests\BankTests.csproj", "{01FEA73B-8D05-4393-B027-06E7B70D5EBB}"
EndProject
Global
	GlobalSection(SolutionConfigurationPlatforms) = preSolution
		Debug|Any CPU = Debug|Any CPU
		Release|Any CPU = Release|Any CPU
	EndGlobalSection
	GlobalSection(ProjectConfigurationPlatforms) = postSolution
		{C172BF69-5FCA-4618-BD23-C9E0F467FC28}.Debug|Any CPU.ActiveCfg = Debug|Any CPU
		{C172BF69-5FCA-4618-BD23-C9E0F467FC28}.Debug|Any CPU.Build.0 = Debug|Any CPU
		{C172BF69-5FCA-4618-BD23-C9E0F467FC28}.Release|Any CPU.ActiveCfg = Release|Any CPU
		{C172BF69-5FCA-4618-BD23-C9E0F467FC28}.Release|Any CPU.Build.0 = Release|Any CPU
		{01FEA73B-8D05-4393-B027-06E7B70D5EBB}.Debug|Any CPU.ActiveCfg = Debug|Any CPU
		{01FEA73B-8D05-4393-B027-06E7B70D5EBB}.Debug|Any CPU.Build.0 = Debug|Any CPU
		{01FEA73B-8D05-4393-B027-06E7B70D5EBB}.Release|Any CPU.ActiveCfg = Release|Any CPU
		{01FEA73B-8D05-4393-B027-06E7B70D5EBB}.Release|Any CPU.Build.0 = Release|Any CPU
	EndGlobalSection
	GlobalSection(SolutionProperties) = preSolution
		HideSolutionNode = FALSE
	EndGlobalSection
	GlobalSection(ExtensibilityGlobals) = postSolution
		SolutionGuid = {EA80F5E4-A51F-440D-AAA3-0095C7D8382B}
	EndGlobalSection
EndGlobal
